
Microsoft Visual Studio Solution File, Format Version 12.00
# Visual Studio 15
VisualStudioVersion = 15.0.27004.2005
MinimumVisualStudioVersion = 10.0.40219.1
Project("{8BC9CEB8-8B4A-11D0-8D11-00A0C91BC942}") = "BisonIntro", "BisonIntro.vcxproj", "{E212C2C0-CCFB-4146-8BA1-8B337A74F0DF}"
EndProject
Global
	GlobalSection(SolutionConfigurationPlatforms) = preSolution
		Debug|x64 = Debug|x64
		Debug|x86 = Debug|x86
		Release|x64 = Release|x64
		Release|x86 = Release|x86
	EndGlobalSection
	GlobalSection(ProjectConfigurationPlatforms) = postSolution
		{E212C2C0-CCFB-4146-8BA1-8B337A74F0DF}.Debug|x64.ActiveCfg = Debug|x64
		{E212C2C0-CCFB-4146-8BA1-8B337A74F0DF}.Debug|x64.Build.0 = Debug|x64
		{E212C2C0-CCFB-4146-8BA1-8B337A74F0DF}.Debug|x86.ActiveCfg = Debug|Win32
		{E212C2C0-CCFB-4146-8BA1-8B337A74F0DF}.Debug|x86.Build.0 = Debug|Win32
		{E212C2C0-CCFB-4146-8BA1-8B337A74F0DF}.Release|x64.ActiveCfg = Release|x64
		{E212C2C0-CCFB-4146-8BA1-8B337A74F0DF}.Release|x64.Build.0 = Release|x64
		{E212C2C0-CCFB-4146-8BA1-8B337A74F0DF}.Release|x86.ActiveCfg = Release|Win32
		{E212C2C0-CCFB-4146-8BA1-8B337A74F0DF}.Release|x86.Build.0 = Release|Win32
	EndGlobalSection
	GlobalSection(SolutionProperties) = preSolution
		HideSolutionNode = FALSE
	EndGlobalSection
	GlobalSection(ExtensibilityGlobals) = postSolution
		SolutionGuid = {3DC9711F-236C-4CAE-930F-EABBB43F65E1}
	EndGlobalSection
EndGlobal
